{
  "version": 4,
  "terraform_version": "1.9.6",
  "serial": 41,
  "lineage": "e56da374-9d1e-2202-21b2-09077c5ef4a3",
  "outputs": {},
  "resources": [
    {
      "mode": "managed",
      "type": "azuread_group",
      "name": "example_ad_group",
      "provider": "provider[\"registry.terraform.io/hashicorp/azuread\"]",
      "instances": [
        {
          "schema_version": 1,
          "attributes": {
            "administrative_unit_ids": null,
            "assignable_to_role": false,
            "auto_subscribe_new_members": false,
            "behaviors": null,
            "description": "",
            "display_name": "Reader-Only-Group",
            "dynamic_membership": [],
            "external_senders_allowed": false,
            "hide_from_address_lists": false,
            "hide_from_outlook_clients": false,
            "id": "/groups/95b29545-fa31-46a3-b413-8453b8ff0bd5",
            "mail": "",
            "mail_enabled": false,
            "mail_nickname": "d9af94ff-8",
            "members": [],
            "object_id": "95b29545-fa31-46a3-b413-8453b8ff0bd5",
            "onpremises_domain_name": "",
            "onpremises_group_type": "",
            "onpremises_netbios_name": "",
            "onpremises_sam_account_name": "",
            "onpremises_security_identifier": "",
            "onpremises_sync_enabled": false,
            "owners": [
              "bb7472f8-0aea-40c5-b400-7990e74d9e34"
            ],
            "preferred_language": "",
            "prevent_duplicate_names": false,
            "provisioning_options": null,
            "proxy_addresses": [],
            "security_enabled": true,
            "theme": "",
            "timeouts": null,
            "types": null,
            "visibility": "",
            "writeback_enabled": false
          },
          "sensitive_attributes": [],
          "private": "eyJlMmJmYjczMC1lY2FhLTExZTYtOGY4OC0zNDM2M2JjN2M0YzAiOnsiY3JlYXRlIjoxMjAwMDAwMDAwMDAwLCJkZWxldGUiOjMwMDAwMDAwMDAwMCwicmVhZCI6MzAwMDAwMDAwMDAwLCJ1cGRhdGUiOjEyMDAwMDAwMDAwMDB9LCJzY2hlbWFfdmVyc2lvbiI6IjEifQ=="
        }
      ]
    },
    {
      "mode": "managed",
      "type": "azurerm_resource_group",
      "name": "practice",
      "provider": "provider[\"registry.terraform.io/hashicorp/azurerm\"]",
      "instances": [
        {
          "schema_version": 0,
          "attributes": {
            "id": "/subscriptions/2d1c6d4e-c279-4e53-97d6-2dffa049e8b5/resourceGroups/D-PracticeEnv",
            "location": "eastus2",
            "managed_by": "",
            "name": "D-PracticeEnv",
            "tags": null,
            "timeouts": null
          },
          "sensitive_attributes": [],
          "private": "eyJlMmJmYjczMC1lY2FhLTExZTYtOGY4OC0zNDM2M2JjN2M0YzAiOnsiY3JlYXRlIjo1NDAwMDAwMDAwMDAwLCJkZWxldGUiOjU0MDAwMDAwMDAwMDAsInJlYWQiOjMwMDAwMDAwMDAwMCwidXBkYXRlIjo1NDAwMDAwMDAwMDAwfX0="
        }
      ]
    },
    {
      "mode": "managed",
      "type": "azurerm_role_assignment",
      "name": "example_role_assignment",
      "provider": "provider[\"registry.terraform.io/hashicorp/azurerm\"]",
      "instances": [
        {
          "schema_version": 0,
          "attributes": {
            "condition": "",
            "condition_version": "",
            "delegated_managed_identity_resource_id": "",
            "description": "",
            "id": "/subscriptions/2d1c6d4e-c279-4e53-97d6-2dffa049e8b5/resourceGroups/D-PracticeEnv/providers/Microsoft.Authorization/roleAssignments/9904e67e-c1cc-7d89-10f9-9992177424b4",
            "name": "9904e67e-c1cc-7d89-10f9-9992177424b4",
            "principal_id": "95b29545-fa31-46a3-b413-8453b8ff0bd5",
            "principal_type": "Group",
            "role_definition_id": "/subscriptions/2d1c6d4e-c279-4e53-97d6-2dffa049e8b5/providers/Microsoft.Authorization/roleDefinitions/acdd72a7-3385-48ef-bd42-f606fba81ae7",
            "role_definition_name": "Reader",
            "scope": "/subscriptions/2d1c6d4e-c279-4e53-97d6-2dffa049e8b5/resourceGroups/D-PracticeEnv",
            "skip_service_principal_aad_check": null,
            "timeouts": null
          },
          "sensitive_attributes": [],
          "private": "eyJlMmJmYjczMC1lY2FhLTExZTYtOGY4OC0zNDM2M2JjN2M0YzAiOnsiY3JlYXRlIjoxODAwMDAwMDAwMDAwLCJkZWxldGUiOjE4MDAwMDAwMDAwMDAsInJlYWQiOjMwMDAwMDAwMDAwMH19",
          "dependencies": [
            "azuread_group.example_ad_group",
            "azurerm_resource_group.practice"
          ]
        }
      ]
    }
  ],
  "check_results": null
}
